{
  "requires": true,
  "lockfileVersion": 1,
  "dependencies": {
    "react-bootstrap-sweetalert": {
      "version": "5.1.11",
      "resolved": "https://registry.npmjs.org/react-bootstrap-sweetalert/-/react-bootstrap-sweetalert-5.1.11.tgz",
      "integrity": "sha512-cpBfdoZeoJE82ndokAhm+7JwrSLPKg+ZPgmB/3A+zf4pklP4eXHY2LWe2rpJm9w0UsSTeBD2Ve69C5ar0U88hA=="
    }
  }
}
